Microsoft Visual Studio Solution File, Format Version 12.00
# Visual Studio Version 17
VisualStudioVersion = 17.0.31903.59
MinimumVisualStudioVersion = 10.0.40219.1
Project("{FAE04EC0-301F-11D3-BF4B-00C04F79EFBC}") = "SemanticStub.Api", "src\SemanticStub.Api\SemanticStub.Api.csproj", "{090ECC00-38F3-4F34-9D98-D142958C3B75}"
EndProject
Project("{FAE04EC0-301F-11D3-BF4B-00C04F79EFBC}") = "SemanticStub.Application", "src\SemanticStub.Application\SemanticStub.Application.csproj", "{031575E4-0398-47AE-965C-551CB834DEA0}"
EndProject
Project("{FAE04EC0-301F-11D3-BF4B-00C04F79EFBC}") = "SemanticStub.Api.Tests", "tests\SemanticStub.Api.Tests\SemanticStub.Api.Tests.csproj", "{2CA34D5B-DF2F-48E0-9A3B-356B037AA9F8}"
EndProject
Project("{FAE04EC0-301F-11D3-BF4B-00C04F79EFBC}") = "SemanticStub.Application.Tests", "tests\SemanticStub.Application.Tests\SemanticStub.Application.Tests.csproj", "{21C7E9CB-2035-4DE2-87A6-9E7DE6140726}"
EndProject
Project("{FAE04EC0-301F-11D3-BF4B-00C04F79EFBC}") = "SemanticStub.Infrastructure", "src\SemanticStub.Infrastructure\SemanticStub.Infrastructure.csproj", "{228DBE42-64CA-4E59-BDDB-D8D383CF87D1}"
EndProject
Global
	GlobalSection(SolutionConfigurationPlatforms) = preSolution
		Debug|Any CPU = Debug|Any CPU
		Release|Any CPU = Release|Any CPU
	EndGlobalSection
	GlobalSection(ProjectConfigurationPlatforms) = postSolution
		{090ECC00-38F3-4F34-9D98-D142958C3B75}.Debug|Any CPU.ActiveCfg = Debug|Any CPU
		{090ECC00-38F3-4F34-9D98-D142958C3B75}.Debug|Any CPU.Build.0 = Debug|Any CPU
		{090ECC00-38F3-4F34-9D98-D142958C3B75}.Release|Any CPU.ActiveCfg = Release|Any CPU
		{090ECC00-38F3-4F34-9D98-D142958C3B75}.Release|Any CPU.Build.0 = Release|Any CPU
		{031575E4-0398-47AE-965C-551CB834DEA0}.Debug|Any CPU.ActiveCfg = Debug|Any CPU
		{031575E4-0398-47AE-965C-551CB834DEA0}.Debug|Any CPU.Build.0 = Debug|Any CPU
		{031575E4-0398-47AE-965C-551CB834DEA0}.Release|Any CPU.ActiveCfg = Release|Any CPU
		{031575E4-0398-47AE-965C-551CB834DEA0}.Release|Any CPU.Build.0 = Release|Any CPU
		{2CA34D5B-DF2F-48E0-9A3B-356B037AA9F8}.Debug|Any CPU.ActiveCfg = Debug|Any CPU
		{2CA34D5B-DF2F-48E0-9A3B-356B037AA9F8}.Debug|Any CPU.Build.0 = Debug|Any CPU
		{2CA34D5B-DF2F-48E0-9A3B-356B037AA9F8}.Release|Any CPU.ActiveCfg = Release|Any CPU
		{2CA34D5B-DF2F-48E0-9A3B-356B037AA9F8}.Release|Any CPU.Build.0 = Release|Any CPU
		{21C7E9CB-2035-4DE2-87A6-9E7DE6140726}.Debug|Any CPU.ActiveCfg = Debug|Any CPU
		{21C7E9CB-2035-4DE2-87A6-9E7DE6140726}.Debug|Any CPU.Build.0 = Debug|Any CPU
		{21C7E9CB-2035-4DE2-87A6-9E7DE6140726}.Release|Any CPU.ActiveCfg = Release|Any CPU
		{21C7E9CB-2035-4DE2-87A6-9E7DE6140726}.Release|Any CPU.Build.0 = Release|Any CPU
		{228DBE42-64CA-4E59-BDDB-D8D383CF87D1}.Debug|Any CPU.ActiveCfg = Debug|Any CPU
		{228DBE42-64CA-4E59-BDDB-D8D383CF87D1}.Debug|Any CPU.Build.0 = Debug|Any CPU
		{228DBE42-64CA-4E59-BDDB-D8D383CF87D1}.Release|Any CPU.ActiveCfg = Release|Any CPU
		{228DBE42-64CA-4E59-BDDB-D8D383CF87D1}.Release|Any CPU.Build.0 = Release|Any CPU
	EndGlobalSection
	GlobalSection(SolutionProperties) = preSolution
		HideSolutionNode = FALSE
	EndGlobalSection
EndGlobal
